
Microsoft Visual Studio Solution File, Format Version 12.00
# Visual Studio Version 16
VisualStudioVersion = 16.0.30709.132
MinimumVisualStudioVersion = 10.0.40219.1
Project("{FAE04EC0-301F-11D3-BF4B-00C04F79EFBC}") = "Presentacion", "Presentacion\Presentacion.csproj", "{F3E3F229-3B13-4383-9A36-376522FC811A}"
EndProject
Project("{FAE04EC0-301F-11D3-BF4B-00C04F79EFBC}") = "CapaDatos", "CapaDatos\CapaDatos.csproj", "{BCA341A4-C824-4CB4-9545-A3AD41811828}"
EndProject
Project("{FAE04EC0-301F-11D3-BF4B-00C04F79EFBC}") = "CapaNegocios", "CapaNegocios\CapaNegocios.csproj", "{6113145B-03EB-43A0-A64F-BD8600B87B76}"
EndProject
Project("{FAE04EC0-301F-11D3-BF4B-00C04F79EFBC}") = "CapaEntidades", "CapaEntidades\CapaEntidades.csproj", "{FA3F7DD7-A172-4111-9453-816CAD393221}"
EndProject
Global
	GlobalSection(SolutionConfigurationPlatforms) = preSolution
		Debug|Any CPU = Debug|Any CPU
		Release|Any CPU = Release|Any CPU
	EndGlobalSection
	GlobalSection(ProjectConfigurationPlatforms) = postSolution
		{F3E3F229-3B13-4383-9A36-376522FC811A}.Debug|Any CPU.ActiveCfg = Debug|Any CPU
		{F3E3F229-3B13-4383-9A36-376522FC811A}.Debug|Any CPU.Build.0 = Debug|Any CPU
		{F3E3F229-3B13-4383-9A36-376522FC811A}.Release|Any CPU.ActiveCfg = Release|Any CPU
		{F3E3F229-3B13-4383-9A36-376522FC811A}.Release|Any CPU.Build.0 = Release|Any CPU
		{BCA341A4-C824-4CB4-9545-A3AD41811828}.Debug|Any CPU.ActiveCfg = Debug|Any CPU
		{BCA341A4-C824-4CB4-9545-A3AD41811828}.Debug|Any CPU.Build.0 = Debug|Any CPU
		{BCA341A4-C824-4CB4-9545-A3AD41811828}.Release|Any CPU.ActiveCfg = Release|Any CPU
		{BCA341A4-C824-4CB4-9545-A3AD41811828}.Release|Any CPU.Build.0 = Release|Any CPU
		{6113145B-03EB-43A0-A64F-BD8600B87B76}.Debug|Any CPU.ActiveCfg = Debug|Any CPU
		{6113145B-03EB-43A0-A64F-BD8600B87B76}.Debug|Any CPU.Build.0 = Debug|Any CPU
		{6113145B-03EB-43A0-A64F-BD8600B87B76}.Release|Any CPU.ActiveCfg = Release|Any CPU
		{6113145B-03EB-43A0-A64F-BD8600B87B76}.Release|Any CPU.Build.0 = Release|Any CPU
		{FA3F7DD7-A172-4111-9453-816CAD393221}.Debug|Any CPU.ActiveCfg = Debug|Any CPU
		{FA3F7DD7-A172-4111-9453-816CAD393221}.Debug|Any CPU.Build.0 = Debug|Any CPU
		{FA3F7DD7-A172-4111-9453-816CAD393221}.Release|Any CPU.ActiveCfg = Release|Any CPU
		{FA3F7DD7-A172-4111-9453-816CAD393221}.Release|Any CPU.Build.0 = Release|Any CPU
	EndGlobalSection
	GlobalSection(SolutionProperties) = preSolution
		HideSolutionNode = FALSE
	EndGlobalSection
	GlobalSection(ExtensibilityGlobals) = postSolution
		SolutionGuid = {23B41FD0-B7B1-4CFA-A51A-0342A7E90F2D}
	EndGlobalSection
EndGlobal
